# This file is automatically @generated by Poetry 1.5.1 and should not be changed by hand.

[[package]]
name = "mahjong"
version = "1.2.1"
description = "Mahjong hands calculation"
optional = false
python-versions = "*"
files = [
    {file = "mahjong-1.2.1-py3-none-any.whl", hash = "sha256:5df358127a73a26751f1f60635c65e02e6f363ce70339d3478c396301163277e"},
    {file = "mahjong-1.2.1.tar.gz", hash = "sha256:afbef2f5fea656b73eacb6396176d1e80cd06123c24dbea27df87100e8502097"},
]

[metadata]
lock-version = "2.0"
python-versions = "^3.11"
content-hash = "48926d5bda137ceab1f0ef66ea5d2e44fdf7987583e7525eea1fd04d38388d6b"
